
Microsoft Visual Studio Solution File, Format Version 12.00
# Visual Studio Version 16
VisualStudioVersion = 16.0.29503.13
MinimumVisualStudioVersion = 10.0.40219.1
Project("{FAE04EC0-301F-11D3-BF4B-00C04F79EFBC}") = "Encryption", "Encryption.csproj", "{4592C3F7-F0C5-448D-B785-6EA9EA1DECBB}"
EndProject
Global
	GlobalSection(SolutionConfigurationPlatforms) = preSolution
		Debug|Any CPU = Debug|Any CPU
		Release|Any CPU = Release|Any CPU
	EndGlobalSection
	GlobalSection(ProjectConfigurationPlatforms) = postSolution
		{4592C3F7-F0C5-448D-B785-6EA9EA1DECBB}.Debug|Any CPU.ActiveCfg = Debug|Any CPU
		{4592C3F7-F0C5-448D-B785-6EA9EA1DECBB}.Debug|Any CPU.Build.0 = Debug|Any CPU
		{4592C3F7-F0C5-448D-B785-6EA9EA1DECBB}.Release|Any CPU.ActiveCfg = Release|Any CPU
		{4592C3F7-F0C5-448D-B785-6EA9EA1DECBB}.Release|Any CPU.Build.0 = Release|Any CPU
	EndGlobalSection
	GlobalSection(SolutionProperties) = preSolution
		HideSolutionNode = FALSE
	EndGlobalSection
	GlobalSection(ExtensibilityGlobals) = postSolution
		SolutionGuid = {2EFE15E6-9C7E-4E67-89AB-2B766E7D0086}
	EndGlobalSection
EndGlobal
